
Microsoft Visual Studio Solution File, Format Version 12.00
# Visual Studio Version 17
VisualStudioVersion = 17.9.34723.18
MinimumVisualStudioVersion = 10.0.40219.1
Project("{9A19103F-16F7-4668-BE54-9A1E7A4F7556}") = "CampaignCompanionAPI", "CampaignCompanionAPI\CampaignCompanionAPI.csproj", "{644B7EB8-0EAE-4720-8846-46DFEEAA6F62}"
EndProject
Global
	GlobalSection(SolutionConfigurationPlatforms) = preSolution
		Debug|Any CPU = Debug|Any CPU
		Release|Any CPU = Release|Any CPU
	EndGlobalSection
	GlobalSection(ProjectConfigurationPlatforms) = postSolution
		{644B7EB8-0EAE-4720-8846-46DFEEAA6F62}.Debug|Any CPU.ActiveCfg = Debug|Any CPU
		{644B7EB8-0EAE-4720-8846-46DFEEAA6F62}.Debug|Any CPU.Build.0 = Debug|Any CPU
		{644B7EB8-0EAE-4720-8846-46DFEEAA6F62}.Release|Any CPU.ActiveCfg = Release|Any CPU
		{644B7EB8-0EAE-4720-8846-46DFEEAA6F62}.Release|Any CPU.Build.0 = Release|Any CPU
	EndGlobalSection
	GlobalSection(SolutionProperties) = preSolution
		HideSolutionNode = FALSE
	EndGlobalSection
	GlobalSection(ExtensibilityGlobals) = postSolution
		SolutionGuid = {3D1910F9-C0C6-4CD7-9540-7D884195749A}
	EndGlobalSection
EndGlobal
